
Microsoft Visual Studio Solution File, Format Version 12.00
# Visual Studio Version 17
VisualStudioVersion = 17.0.32112.339
MinimumVisualStudioVersion = 10.0.40219.1
Project("{9A19103F-16F7-4668-BE54-9A1E7A4F7556}") = "CDR.DataRecipient.Web", "CDR.DataRecipient.Web\CDR.DataRecipient.Web.csproj", "{83AAC80E-D102-4DB9-9BF7-80CDBFC833DC}"
EndProject
Project("{9A19103F-16F7-4668-BE54-9A1E7A4F7556}") = "CDR.DataRecipient.SDK", "CDR.DataRecipient.SDK\CDR.DataRecipient.SDK.csproj", "{55AD141E-5AC7-43AA-AE1F-CA85FC644EDE}"
EndProject
Project("{9A19103F-16F7-4668-BE54-9A1E7A4F7556}") = "CDR.DataRecipient", "CDR.DataRecipient\CDR.DataRecipient.csproj", "{F4F7FD1E-3A58-49F8-8039-39EE0553F845}"
EndProject
Project("{9A19103F-16F7-4668-BE54-9A1E7A4F7556}") = "CDR.DataRecipient.IntegrationTests", "CDR.DataRecipient.IntegrationTests\CDR.DataRecipient.IntegrationTests.csproj", "{9055ADF8-152F-4FDE-B951-C2F225B12084}"
EndProject
Project("{2150E333-8FDC-42A3-9474-1A3956D46DE8}") = "Solution Items", "Solution Items", "{56CFBFDE-5522-4AC1-9592-C74FB04EADF6}"
	ProjectSection(SolutionItems) = preProject
		.dockerignore = .dockerignore
		docker-compose.E2ETests.yml = docker-compose.E2ETests.yml
		docker-compose.IntegrationTests.yml = docker-compose.IntegrationTests.yml
		docker-compose.UnitTests.yml = docker-compose.UnitTests.yml
		Dockerfile = Dockerfile
		Dockerfile.container = Dockerfile.container
		Dockerfile.e2e-tests = Dockerfile.e2e-tests
		Dockerfile.integration-tests = Dockerfile.integration-tests
		Dockerfile.unit-tests = Dockerfile.unit-tests
		run-e2e-tests.ps1 = run-e2e-tests.ps1
		run-integration-tests.ps1 = run-integration-tests.ps1
		run-unit-tests.ps1 = run-unit-tests.ps1
		supervisord.conf = supervisord.conf
	EndProjectSection
EndProject
Project("{9A19103F-16F7-4668-BE54-9A1E7A4F7556}") = "CDR.DataRecipient.Repository.SQL", "CDR.DataRecipient.Repository.SQL\CDR.DataRecipient.Repository.SQL.csproj", "{468788C3-0C9D-4508-8408-BFE15EC18636}"
EndProject
Project("{9A19103F-16F7-4668-BE54-9A1E7A4F7556}") = "CDR.DataRecipient.E2ETests", "CDR.DataRecipient.E2ETests\CDR.DataRecipient.E2ETests.csproj", "{B12C2074-2FF3-4693-A465-6BFA586241FB}"
EndProject
Project("{2150E333-8FDC-42A3-9474-1A3956D46DE8}") = "Tests", "Tests", "{D8F9A30A-AD71-4D76-8294-C358C2614DCF}"
EndProject
Project("{9A19103F-16F7-4668-BE54-9A1E7A4F7556}") = "CDR.DiscoverDataHolders", "CDR.DiscoverDataHolders\CDR.DiscoverDataHolders.csproj", "{68F1AD6C-432B-49A8-AC6B-3705182F1885}"
EndProject
Project("{9A19103F-16F7-4668-BE54-9A1E7A4F7556}") = "CDR.DCR", "CDR.DCR\CDR.DCR.csproj", "{D2D3303C-0CA9-46B3-A8FF-F150CC1036C4}"
EndProject
Project("{2150E333-8FDC-42A3-9474-1A3956D46DE8}") = "Functions", "Functions", "{B323E55A-B38C-46DF-9EB0-35343763FD3D}"
EndProject
Project("{9A19103F-16F7-4668-BE54-9A1E7A4F7556}") = "CDR.DataRecipient.API.Logger", "CDR.DataRecipient.API.Logger\CDR.DataRecipient.API.Logger.csproj", "{00BC926F-6850-4071-BB2A-DBF3A6276674}"
EndProject
Global
	GlobalSection(SolutionConfigurationPlatforms) = preSolution
		Debug|Any CPU = Debug|Any CPU
		Release|Any CPU = Release|Any CPU
	EndGlobalSection
	GlobalSection(ProjectConfigurationPlatforms) = postSolution
		{83AAC80E-D102-4DB9-9BF7-80CDBFC833DC}.Debug|Any CPU.ActiveCfg = Debug|Any CPU
		{83AAC80E-D102-4DB9-9BF7-80CDBFC833DC}.Debug|Any CPU.Build.0 = Debug|Any CPU
		{83AAC80E-D102-4DB9-9BF7-80CDBFC833DC}.Release|Any CPU.ActiveCfg = Release|Any CPU
		{83AAC80E-D102-4DB9-9BF7-80CDBFC833DC}.Release|Any CPU.Build.0 = Release|Any CPU
		{55AD141E-5AC7-43AA-AE1F-CA85FC644EDE}.Debug|Any CPU.ActiveCfg = Debug|Any CPU
		{55AD141E-5AC7-43AA-AE1F-CA85FC644EDE}.Debug|Any CPU.Build.0 = Debug|Any CPU
		{55AD141E-5AC7-43AA-AE1F-CA85FC644EDE}.Release|Any CPU.ActiveCfg = Release|Any CPU
		{55AD141E-5AC7-43AA-AE1F-CA85FC644EDE}.Release|Any CPU.Build.0 = Release|Any CPU
		{F4F7FD1E-3A58-49F8-8039-39EE0553F845}.Debug|Any CPU.ActiveCfg = Debug|Any CPU
		{F4F7FD1E-3A58-49F8-8039-39EE0553F845}.Debug|Any CPU.Build.0 = Debug|Any CPU
		{F4F7FD1E-3A58-49F8-8039-39EE0553F845}.Release|Any CPU.ActiveCfg = Release|Any CPU
		{F4F7FD1E-3A58-49F8-8039-39EE0553F845}.Release|Any CPU.Build.0 = Release|Any CPU
		{9055ADF8-152F-4FDE-B951-C2F225B12084}.Debug|Any CPU.ActiveCfg = Debug|Any CPU
		{9055ADF8-152F-4FDE-B951-C2F225B12084}.Debug|Any CPU.Build.0 = Debug|Any CPU
		{9055ADF8-152F-4FDE-B951-C2F225B12084}.Release|Any CPU.ActiveCfg = Release|Any CPU
		{9055ADF8-152F-4FDE-B951-C2F225B12084}.Release|Any CPU.Build.0 = Release|Any CPU
		{468788C3-0C9D-4508-8408-BFE15EC18636}.Debug|Any CPU.ActiveCfg = Debug|Any CPU
		{468788C3-0C9D-4508-8408-BFE15EC18636}.Debug|Any CPU.Build.0 = Debug|Any CPU
		{468788C3-0C9D-4508-8408-BFE15EC18636}.Release|Any CPU.ActiveCfg = Release|Any CPU
		{468788C3-0C9D-4508-8408-BFE15EC18636}.Release|Any CPU.Build.0 = Release|Any CPU
		{B12C2074-2FF3-4693-A465-6BFA586241FB}.Debug|Any CPU.ActiveCfg = Debug|Any CPU
		{B12C2074-2FF3-4693-A465-6BFA586241FB}.Debug|Any CPU.Build.0 = Debug|Any CPU
		{B12C2074-2FF3-4693-A465-6BFA586241FB}.Release|Any CPU.ActiveCfg = Release|Any CPU
		{B12C2074-2FF3-4693-A465-6BFA586241FB}.Release|Any CPU.Build.0 = Release|Any CPU
		{68F1AD6C-432B-49A8-AC6B-3705182F1885}.Debug|Any CPU.ActiveCfg = Debug|Any CPU
		{68F1AD6C-432B-49A8-AC6B-3705182F1885}.Debug|Any CPU.Build.0 = Debug|Any CPU
		{68F1AD6C-432B-49A8-AC6B-3705182F1885}.Release|Any CPU.ActiveCfg = Release|Any CPU
		{68F1AD6C-432B-49A8-AC6B-3705182F1885}.Release|Any CPU.Build.0 = Release|Any CPU
		{D2D3303C-0CA9-46B3-A8FF-F150CC1036C4}.Debug|Any CPU.ActiveCfg = Debug|Any CPU
		{D2D3303C-0CA9-46B3-A8FF-F150CC1036C4}.Debug|Any CPU.Build.0 = Debug|Any CPU
		{D2D3303C-0CA9-46B3-A8FF-F150CC1036C4}.Release|Any CPU.ActiveCfg = Release|Any CPU
		{D2D3303C-0CA9-46B3-A8FF-F150CC1036C4}.Release|Any CPU.Build.0 = Release|Any CPU
		{00BC926F-6850-4071-BB2A-DBF3A6276674}.Debug|Any CPU.ActiveCfg = Debug|Any CPU
		{00BC926F-6850-4071-BB2A-DBF3A6276674}.Debug|Any CPU.Build.0 = Debug|Any CPU
		{00BC926F-6850-4071-BB2A-DBF3A6276674}.Release|Any CPU.ActiveCfg = Release|Any CPU
		{00BC926F-6850-4071-BB2A-DBF3A6276674}.Release|Any CPU.Build.0 = Release|Any CPU
	EndGlobalSection
	GlobalSection(SolutionProperties) = preSolution
		HideSolutionNode = FALSE
	EndGlobalSection
	GlobalSection(NestedProjects) = preSolution
		{9055ADF8-152F-4FDE-B951-C2F225B12084} = {D8F9A30A-AD71-4D76-8294-C358C2614DCF}
		{B12C2074-2FF3-4693-A465-6BFA586241FB} = {D8F9A30A-AD71-4D76-8294-C358C2614DCF}
		{68F1AD6C-432B-49A8-AC6B-3705182F1885} = {B323E55A-B38C-46DF-9EB0-35343763FD3D}
		{D2D3303C-0CA9-46B3-A8FF-F150CC1036C4} = {B323E55A-B38C-46DF-9EB0-35343763FD3D}
	EndGlobalSection
	GlobalSection(ExtensibilityGlobals) = postSolution
		SolutionGuid = {04A0366C-D2E6-406F-A6B9-A405D04613D9}
	EndGlobalSection
EndGlobal
